
Microsoft Visual Studio Solution File, Format Version 12.00
# Visual Studio Version 16
VisualStudioVersion = 16.0.32510.428
MinimumVisualStudioVersion = 10.0.40219.1
Project("{FAE04EC0-301F-11D3-BF4B-00C04F79EFBC}") = "calculadora", "calculadora\calculadora.csproj", "{EECE60C0-22E4-4826-94D2-A3309F359E9B}"
EndProject
Global
	GlobalSection(SolutionConfigurationPlatforms) = preSolution
		Debug|Any CPU = Debug|Any CPU
		Release|Any CPU = Release|Any CPU
	EndGlobalSection
	GlobalSection(ProjectConfigurationPlatforms) = postSolution
		{EECE60C0-22E4-4826-94D2-A3309F359E9B}.Debug|Any CPU.ActiveCfg = Debug|Any CPU
		{EECE60C0-22E4-4826-94D2-A3309F359E9B}.Debug|Any CPU.Build.0 = Debug|Any CPU
		{EECE60C0-22E4-4826-94D2-A3309F359E9B}.Release|Any CPU.ActiveCfg = Release|Any CPU
		{EECE60C0-22E4-4826-94D2-A3309F359E9B}.Release|Any CPU.Build.0 = Release|Any CPU
	EndGlobalSection
	GlobalSection(SolutionProperties) = preSolution
		HideSolutionNode = FALSE
	EndGlobalSection
	GlobalSection(ExtensibilityGlobals) = postSolution
		SolutionGuid = {80BA9186-0FF8-4133-A92A-1614BB31FFE1}
	EndGlobalSection
EndGlobal
